
Microsoft Visual Studio Solution File, Format Version 12.00
# Visual Studio 15
VisualStudioVersion = 15.0.28307.645
MinimumVisualStudioVersion = 10.0.40219.1
Project("{FAE04EC0-301F-11D3-BF4B-00C04F79EFBC}") = "SortAlgorithms", "SortAlgorithms\SortAlgorithms.csproj", "{003F27A3-2B3A-43D7-B97B-F7AA53248F2B}"
EndProject
Project("{FAE04EC0-301F-11D3-BF4B-00C04F79EFBC}") = "Algorithm", "Algorithm\Algorithm.csproj", "{946FA94B-6B27-4242-A3D3-65E8966FABD1}"
EndProject
Project("{FAE04EC0-301F-11D3-BF4B-00C04F79EFBC}") = "AlgorithmTests2", "AlgorithmTests2\AlgorithmTests2.csproj", "{8EFDC37B-1A25-440F-9CF4-EA6C7FD81C89}"
EndProject
Global
	GlobalSection(SolutionConfigurationPlatforms) = preSolution
		Debug|Any CPU = Debug|Any CPU
		Release|Any CPU = Release|Any CPU
	EndGlobalSection
	GlobalSection(ProjectConfigurationPlatforms) = postSolution
		{003F27A3-2B3A-43D7-B97B-F7AA53248F2B}.Debug|Any CPU.ActiveCfg = Debug|Any CPU
		{003F27A3-2B3A-43D7-B97B-F7AA53248F2B}.Debug|Any CPU.Build.0 = Debug|Any CPU
		{003F27A3-2B3A-43D7-B97B-F7AA53248F2B}.Release|Any CPU.ActiveCfg = Release|Any CPU
		{003F27A3-2B3A-43D7-B97B-F7AA53248F2B}.Release|Any CPU.Build.0 = Release|Any CPU
		{946FA94B-6B27-4242-A3D3-65E8966FABD1}.Debug|Any CPU.ActiveCfg = Debug|Any CPU
		{946FA94B-6B27-4242-A3D3-65E8966FABD1}.Debug|Any CPU.Build.0 = Debug|Any CPU
		{946FA94B-6B27-4242-A3D3-65E8966FABD1}.Release|Any CPU.ActiveCfg = Release|Any CPU
		{946FA94B-6B27-4242-A3D3-65E8966FABD1}.Release|Any CPU.Build.0 = Release|Any CPU
		{8EFDC37B-1A25-440F-9CF4-EA6C7FD81C89}.Debug|Any CPU.ActiveCfg = Debug|Any CPU
		{8EFDC37B-1A25-440F-9CF4-EA6C7FD81C89}.Debug|Any CPU.Build.0 = Debug|Any CPU
		{8EFDC37B-1A25-440F-9CF4-EA6C7FD81C89}.Release|Any CPU.ActiveCfg = Release|Any CPU
		{8EFDC37B-1A25-440F-9CF4-EA6C7FD81C89}.Release|Any CPU.Build.0 = Release|Any CPU
	EndGlobalSection
	GlobalSection(SolutionProperties) = preSolution
		HideSolutionNode = FALSE
	EndGlobalSection
	GlobalSection(ExtensibilityGlobals) = postSolution
		SolutionGuid = {EF914BFA-1FFB-4533-84DF-8F8932721F16}
	EndGlobalSection
EndGlobal
